
Microsoft Visual Studio Solution File, Format Version 12.00
# Visual Studio Version 16
VisualStudioVersion = 16.0.31613.86
MinimumVisualStudioVersion = 10.0.40219.1
Project("{FAE04EC0-301F-11D3-BF4B-00C04F79EFBC}") = "zba.intranet.modules", "zba.intranet.modules.csproj", "{A6172E02-A587-469B-9D35-62B44876341B}"
EndProject
Global
	GlobalSection(SolutionConfigurationPlatforms) = preSolution
		Debug|Any CPU = Debug|Any CPU
		Release|Any CPU = Release|Any CPU
	EndGlobalSection
	GlobalSection(ProjectConfigurationPlatforms) = postSolution
		{A6172E02-A587-469B-9D35-62B44876341B}.Debug|Any CPU.ActiveCfg = Debug|Any CPU
		{A6172E02-A587-469B-9D35-62B44876341B}.Debug|Any CPU.Build.0 = Debug|Any CPU
		{A6172E02-A587-469B-9D35-62B44876341B}.Release|Any CPU.ActiveCfg = Release|Any CPU
		{A6172E02-A587-469B-9D35-62B44876341B}.Release|Any CPU.Build.0 = Release|Any CPU
	EndGlobalSection
	GlobalSection(SolutionProperties) = preSolution
		HideSolutionNode = FALSE
	EndGlobalSection
	GlobalSection(ExtensibilityGlobals) = postSolution
		SolutionGuid = {BFBDD778-99E4-4D7D-9108-E52A11178C94}
	EndGlobalSection
EndGlobal
